// !$*UTF8*$!
{
	archiveVersion = 1;
	classes = {
	};
	objectVersion = 48;
	objects = {

/* Begin PBXBuildFile section */
		4490EC8AD9A71FBBB3E42C2C /* Pods_roadtrip.framework in Frameworks */ = {isa = PBXBuildFile; fileRef = FCAB4724364AABA8D1633D15 /* Pods_roadtrip.framework */; };
		5F18447D2054D6F6004A30A1 /* PlaceMarker.swift in Sources */ = {isa = PBXBuildFile; fileRef = 5F18447C2054D6F6004A30A1 /* PlaceMarker.swift */; };
		5F1844872055ABC4004A30A1 /* GooglePlacesResponse.swift in Sources */ = {isa = PBXBuildFile; fileRef = 5F1844862055ABC4004A30A1 /* GooglePlacesResponse.swift */; };
		5F96B4602065B4F200707E3E /* FilterViewController.swift in Sources */ = {isa = PBXBuildFile; fileRef = 5F96B45F2065B4F200707E3E /* FilterViewController.swift */; };
		BB017C6F205B343000FD9DC6 /* CarInfoConfirmationViewController.swift in Sources */ = {isa = PBXBuildFile; fileRef = BB017C6E205B343000FD9DC6 /* CarInfoConfirmationViewController.swift */; };
		BB2C7498205F378A0012B1B0 /* Direction.swift in Sources */ = {isa = PBXBuildFile; fileRef = BB2C7497205F378A0012B1B0 /* Direction.swift */; };
		BB3FD5D62082886D0040A826 /* CoreDataHandler.swift in Sources */ = {isa = PBXBuildFile; fileRef = BB3FD5D52082886D0040A826 /* CoreDataHandler.swift */; };
		BB3FD5D9208288D00040A826 /* roadtrip.xcdatamodeld in Sources */ = {isa = PBXBuildFile; fileRef = BB3FD5D7208288D00040A826 /* roadtrip.xcdatamodeld */; };
		BB41127C20675C7E007098E0 /* FuelRemainingViewController.swift in Sources */ = {isa = PBXBuildFile; fileRef = BB41127B20675C7E007098E0 /* FuelRemainingViewController.swift */; };
		BB60C04220360E6800ADF586 /* AppDelegate.swift in Sources */ = {isa = PBXBuildFile; fileRef = BB60C04120360E6800ADF586 /* AppDelegate.swift */; };
		BB60C04420360E6800ADF586 /* MapViewController.swift in Sources */ = {isa = PBXBuildFile; fileRef = BB60C04320360E6800ADF586 /* MapViewController.swift */; };
		BB60C04720360E6800ADF586 /* Main.storyboard in Resources */ = {isa = PBXBuildFile; fileRef = BB60C04520360E6800ADF586 /* Main.storyboard */; };
		BB60C04920360E6800ADF586 /* Assets.xcassets in Resources */ = {isa = PBXBuildFile; fileRef = BB60C04820360E6800ADF586 /* Assets.xcassets */; };
		BB60C04C20360E6800ADF586 /* LaunchScreen.storyboard in Resources */ = {isa = PBXBuildFile; fileRef = BB60C04A20360E6800ADF586 /* LaunchScreen.storyboard */; };
		BB60C05720360E6800ADF586 /* roadtripTests.swift in Sources */ = {isa = PBXBuildFile; fileRef = BB60C05620360E6800ADF586 /* roadtripTests.swift */; };
		BB60C06220360E6800ADF586 /* roadtripUITests.swift in Sources */ = {isa = PBXBuildFile; fileRef = BB60C06120360E6800ADF586 /* roadtripUITests.swift */; };
		BB628823204CB6A400D0F060 /* Podfile in Resources */ = {isa = PBXBuildFile; fileRef = BB628822204CB6A400D0F060 /* Podfile */; };
		BB6F94FB205BA8AB00465C9A /* GoogleClient.swift in Sources */ = {isa = PBXBuildFile; fileRef = BB6F94FA205BA8AB00465C9A /* GoogleClient.swift */; };
		BB787694204CBA460013A2F4 /* Car.swift in Sources */ = {isa = PBXBuildFile; fileRef = BB787693204CBA460013A2F4 /* Car.swift */; };
		BBB39538207864230040BDF7 /* Distance.swift in Sources */ = {isa = PBXBuildFile; fileRef = BBB39537207864230040BDF7 /* Distance.swift */; };
		BBBC79732057695C0085044F /* Make.swift in Sources */ = {isa = PBXBuildFile; fileRef = BBBC79722057695C0085044F /* Make.swift */; };
		BBBC7975205770AC0085044F /* Model.swift in Sources */ = {isa = PBXBuildFile; fileRef = BBBC7974205770AC0085044F /* Model.swift */; };
		BBBC7977205775430085044F /* Trim.swift in Sources */ = {isa = PBXBuildFile; fileRef = BBBC7976205775430085044F /* Trim.swift */; };
		BBDF006F2054D5BB002EF5F1 /* RoadtripAPI.swift in Sources */ = {isa = PBXBuildFile; fileRef = BBDF006E2054D5BB002EF5F1 /* RoadtripAPI.swift */; };
		BBF2A6BF20587CFC00FD2871 /* CarInfoSettingViewController.swift in Sources */ = {isa = PBXBuildFile; fileRef = BBF2A6BE20587CFC00FD2871 /* CarInfoSettingViewController.swift */; };
		BBF39D032055D2A1002F53A5 /* CarQueryDataStore.swift in Sources */ = {isa = PBXBuildFile; fileRef = BBF39D022055D2A1002F53A5 /* CarQueryDataStore.swift */; };
		BBF3F018207AB3800051BE39 /* GasStations.swift in Sources */ = {isa = PBXBuildFile; fileRef = BBF3F017207AB3800051BE39 /* GasStations.swift */; };
		BBF3F01A207AB47E0051BE39 /* GasPricesDataStore.swift in Sources */ = {isa = PBXBuildFile; fileRef = BBF3F019207AB47E0051BE39 /* GasPricesDataStore.swift */; };
/* End PBXBuildFile section */

/* Begin PBXContainerItemProxy section */
		BB60C05320360E6800ADF586 /* PBXContainerItemProxy */ = {
			isa = PBXContainerItemProxy;
			containerPortal = BB60C03620360E6800ADF586 /* Project object */;
			proxyType = 1;
			remoteGlobalIDString = BB60C03D20360E6800ADF586;
			remoteInfo = roadtrip;
		};
		BB60C05E20360E6800ADF586 /* PBXContainerItemProxy */ = {
			isa = PBXContainerItemProxy;
			containerPortal = BB60C03620360E6800ADF586 /* Project object */;
			proxyType = 1;
			remoteGlobalIDString = BB60C03D20360E6800ADF586;
			remoteInfo = roadtrip;
		};
/* End PBXContainerItemProxy section */

/* Begin PBXFileReference section */
		5F18447C2054D6F6004A30A1 /* PlaceMarker.swift */ = {isa = PBXFileReference; lastKnownFileType = sourcecode.swift; path = PlaceMarker.swift; sourceTree = "<group>"; };
		5F1844862055ABC4004A30A1 /* GooglePlacesResponse.swift */ = {isa = PBXFileReference; lastKnownFileType = sourcecode.swift; path = GooglePlacesResponse.swift; sourceTree = "<group>"; };
		5F96B45F2065B4F200707E3E /* FilterViewController.swift */ = {isa = PBXFileReference; lastKnownFileType = sourcecode.swift; path = FilterViewController.swift; sourceTree = "<group>"; };
		68B46FE21B9B8F67943E6DFA /* Pods-roadtrip.release.xcconfig */ = {isa = PBXFileReference; includeInIndex = 1; lastKnownFileType = text.xcconfig; name = "Pods-roadtrip.release.xcconfig"; path = "Pods/Target Support Files/Pods-roadtrip/Pods-roadtrip.release.xcconfig"; sourceTree = "<group>"; };
		A33153FF928D660E0DCAA99D /* Pods-roadtrip.debug.xcconfig */ = {isa = PBXFileReference; includeInIndex = 1; lastKnownFileType = text.xcconfig; name = "Pods-roadtrip.debug.xcconfig"; path = "Pods/Target Support Files/Pods-roadtrip/Pods-roadtrip.debug.xcconfig"; sourceTree = "<group>"; };
		BB017C6E205B343000FD9DC6 /* CarInfoConfirmationViewController.swift */ = {isa = PBXFileReference; lastKnownFileType = sourcecode.swift; path = CarInfoConfirmationViewController.swift; sourceTree = "<group>"; };
		BB2C7497205F378A0012B1B0 /* Direction.swift */ = {isa = PBXFileReference; lastKnownFileType = sourcecode.swift; path = Direction.swift; sourceTree = "<group>"; };
		BB3FD5D52082886D0040A826 /* CoreDataHandler.swift */ = {isa = PBXFileReference; lastKnownFileType = sourcecode.swift; path = CoreDataHandler.swift; sourceTree = "<group>"; };
		BB3FD5D8208288D00040A826 /* roadtrip.xcdatamodel */ = {isa = PBXFileReference; lastKnownFileType = wrapper.xcdatamodel; path = roadtrip.xcdatamodel; sourceTree = "<group>"; };
		BB41127B20675C7E007098E0 /* FuelRemainingViewController.swift */ = {isa = PBXFileReference; fileEncoding = 4; lastKnownFileType = sourcecode.swift; path = FuelRemainingViewController.swift; sourceTree = "<group>"; };
		BB60C03E20360E6800ADF586 /* roadtrip.app */ = {isa = PBXFileReference; explicitFileType = wrapper.application; includeInIndex = 0; path = roadtrip.app; sourceTree = BUILT_PRODUCTS_DIR; };
		BB60C04120360E6800ADF586 /* AppDelegate.swift */ = {isa = PBXFileReference; lastKnownFileType = sourcecode.swift; path = AppDelegate.swift; sourceTree = "<group>"; };
		BB60C04320360E6800ADF586 /* MapViewController.swift */ = {isa = PBXFileReference; lastKnownFileType = sourcecode.swift; path = MapViewController.swift; sourceTree = "<group>"; };
		BB60C04620360E6800ADF586 /* Base */ = {isa = PBXFileReference; lastKnownFileType = file.storyboard; name = Base; path = Base.lproj/Main.storyboard; sourceTree = "<group>"; };
		BB60C04820360E6800ADF586 /* Assets.xcassets */ = {isa = PBXFileReference; lastKnownFileType = folder.assetcatalog; path = Assets.xcassets; sourceTree = "<group>"; };
		BB60C04B20360E6800ADF586 /* Base */ = {isa = PBXFileReference; lastKnownFileType = file.storyboard; name = Base; path = Base.lproj/LaunchScreen.storyboard; sourceTree = "<group>"; };
		BB60C04D20360E6800ADF586 /* Info.plist */ = {isa = PBXFileReference; lastKnownFileType = text.plist.xml; path = Info.plist; sourceTree = "<group>"; };
		BB60C05220360E6800ADF586 /* roadtripTests.xctest */ = {isa = PBXFileReference; explicitFileType = wrapper.cfbundle; includeInIndex = 0; path = roadtripTests.xctest; sourceTree = BUILT_PRODUCTS_DIR; };
		BB60C05620360E6800ADF586 /* roadtripTests.swift */ = {isa = PBXFileReference; lastKnownFileType = sourcecode.swift; path = roadtripTests.swift; sourceTree = "<group>"; };
		BB60C05820360E6800ADF586 /* Info.plist */ = {isa = PBXFileReference; lastKnownFileType = text.plist.xml; path = Info.plist; sourceTree = "<group>"; };
		BB60C05D20360E6800ADF586 /* roadtripUITests.xctest */ = {isa = PBXFileReference; explicitFileType = wrapper.cfbundle; includeInIndex = 0; path = roadtripUITests.xctest; sourceTree = BUILT_PRODUCTS_DIR; };
		BB60C06120360E6800ADF586 /* roadtripUITests.swift */ = {isa = PBXFileReference; lastKnownFileType = sourcecode.swift; path = roadtripUITests.swift; sourceTree = "<group>"; };
		BB60C06320360E6800ADF586 /* Info.plist */ = {isa = PBXFileReference; lastKnownFileType = text.plist.xml; path = Info.plist; sourceTree = "<group>"; };
		BB628822204CB6A400D0F060 /* Podfile */ = {isa = PBXFileReference; lastKnownFileType = text; path = Podfile; sourceTree = "<group>"; xcLanguageSpecificationIdentifier = xcode.lang.ruby; };
		BB6AD780205A21E500C713B6 /* PromiseKit.framework */ = {isa = PBXFileReference; explicitFileType = wrapper.framework; path = PromiseKit.framework; sourceTree = BUILT_PRODUCTS_DIR; };
		BB6F94FA205BA8AB00465C9A /* GoogleClient.swift */ = {isa = PBXFileReference; lastKnownFileType = sourcecode.swift; path = GoogleClient.swift; sourceTree = "<group>"; };
		BB787693204CBA460013A2F4 /* Car.swift */ = {isa = PBXFileReference; fileEncoding = 4; lastKnownFileType = sourcecode.swift; path = Car.swift; sourceTree = "<group>"; };
		BBB39537207864230040BDF7 /* Distance.swift */ = {isa = PBXFileReference; lastKnownFileType = sourcecode.swift; path = Distance.swift; sourceTree = "<group>"; };
		BBBC79722057695C0085044F /* Make.swift */ = {isa = PBXFileReference; lastKnownFileType = sourcecode.swift; path = Make.swift; sourceTree = "<group>"; };
		BBBC7974205770AC0085044F /* Model.swift */ = {isa = PBXFileReference; lastKnownFileType = sourcecode.swift; path = Model.swift; sourceTree = "<group>"; };
		BBBC7976205775430085044F /* Trim.swift */ = {isa = PBXFileReference; lastKnownFileType = sourcecode.swift; path = Trim.swift; sourceTree = "<group>"; };
		BBDF006E2054D5BB002EF5F1 /* RoadtripAPI.swift */ = {isa = PBXFileReference; lastKnownFileType = sourcecode.swift; path = RoadtripAPI.swift; sourceTree = "<group>"; };
		BBF2A6BE20587CFC00FD2871 /* CarInfoSettingViewController.swift */ = {isa = PBXFileReference; lastKnownFileType = sourcecode.swift; path = CarInfoSettingViewController.swift; sourceTree = "<group>"; };
		BBF39D022055D2A1002F53A5 /* CarQueryDataStore.swift */ = {isa = PBXFileReference; lastKnownFileType = sourcecode.swift; path = CarQueryDataStore.swift; sourceTree = "<group>"; };
		BBF3F017207AB3800051BE39 /* GasStations.swift */ = {isa = PBXFileReference; lastKnownFileType = sourcecode.swift; path = GasStations.swift; sourceTree = "<group>"; };
		BBF3F019207AB47E0051BE39 /* GasPricesDataStore.swift */ = {isa = PBXFileReference; lastKnownFileType = sourcecode.swift; path = GasPricesDataStore.swift; sourceTree = "<group>"; };
		FCAB4724364AABA8D1633D15 /* Pods_roadtrip.framework */ = {isa = PBXFileReference; explicitFileType = wrapper.framework; includeInIndex = 0; path = Pods_roadtrip.framework; sourceTree = BUILT_PRODUCTS_DIR; };
/* End PBXFileReference section */

/* Begin PBXFrameworksBuildPhase section */
		BB60C03B20360E6800ADF586 /* Frameworks */ = {
			isa = PBXFrameworksBuildPhase;
			buildActionMask = 2147483647;
			files = (
				4490EC8AD9A71FBBB3E42C2C /* Pods_roadtrip.framework in Frameworks */,
			);
			runOnlyForDeploymentPostprocessing = 0;
		};
		BB60C04F20360E6800ADF586 /* Frameworks */ = {
			isa = PBXFrameworksBuildPhase;
			buildActionMask = 2147483647;
			files = (
			);
			runOnlyForDeploymentPostprocessing = 0;
		};
		BB60C05A20360E6800ADF586 /* Frameworks */ = {
			isa = PBXFrameworksBuildPhase;
			buildActionMask = 2147483647;
			files = (
			);
			runOnlyForDeploymentPostprocessing = 0;
		};
/* End PBXFrameworksBuildPhase section */

/* Begin PBXGroup section */
		14962A373E1801F4ED5AF5EF /* Pods */ = {
			isa = PBXGroup;
			children = (
				A33153FF928D660E0DCAA99D /* Pods-roadtrip.debug.xcconfig */,
				68B46FE21B9B8F67943E6DFA /* Pods-roadtrip.release.xcconfig */,
			);
			name = Pods;
			sourceTree = "<group>";
		};
		BB41127A20675C54007098E0 /* Recovered References */ = {
			isa = PBXGroup;
			children = (
			);
			name = "Recovered References";
			sourceTree = "<group>";
		};
		BB60C03520360E6700ADF586 = {
			isa = PBXGroup;
			children = (
				BB628822204CB6A400D0F060 /* Podfile */,
				BB60C04020360E6800ADF586 /* roadtrip */,
				BB60C05520360E6800ADF586 /* roadtripTests */,
				BB60C06020360E6800ADF586 /* roadtripUITests */,
				BB60C03F20360E6800ADF586 /* Products */,
				14962A373E1801F4ED5AF5EF /* Pods */,
				DEDCF88387B8EEFADADDD7BD /* Frameworks */,
				BB41127A20675C54007098E0 /* Recovered References */,
			);
			sourceTree = "<group>";
		};
		BB60C03F20360E6800ADF586 /* Products */ = {
			isa = PBXGroup;
			children = (
				BB60C03E20360E6800ADF586 /* roadtrip.app */,
				BB60C05220360E6800ADF586 /* roadtripTests.xctest */,
				BB60C05D20360E6800ADF586 /* roadtripUITests.xctest */,
			);
			name = Products;
			sourceTree = "<group>";
		};
		BB60C04020360E6800ADF586 /* roadtrip */ = {
			isa = PBXGroup;
			children = (
				BB60C04D20360E6800ADF586 /* Info.plist */,
				BB60C04120360E6800ADF586 /* AppDelegate.swift */,
				BB787693204CBA460013A2F4 /* Car.swift */,
				BB017C6E205B343000FD9DC6 /* CarInfoConfirmationViewController.swift */,
				BBF2A6BE20587CFC00FD2871 /* CarInfoSettingViewController.swift */,
				BBF39D022055D2A1002F53A5 /* CarQueryDataStore.swift */,
				BB3FD5D52082886D0040A826 /* CoreDataHandler.swift */,
				BB2C7497205F378A0012B1B0 /* Direction.swift */,
				BBB39537207864230040BDF7 /* Distance.swift */,
				5F96B45F2065B4F200707E3E /* FilterViewController.swift */,
				BB41127B20675C7E007098E0 /* FuelRemainingViewController.swift */,
				BBF3F019207AB47E0051BE39 /* GasPricesDataStore.swift */,
				BBF3F017207AB3800051BE39 /* GasStations.swift */,
				BB6F94FA205BA8AB00465C9A /* GoogleClient.swift */,
				5F1844862055ABC4004A30A1 /* GooglePlacesResponse.swift */,
				BBBC79722057695C0085044F /* Make.swift */,
				BB60C04320360E6800ADF586 /* MapViewController.swift */,
				BBBC7974205770AC0085044F /* Model.swift */,
				5F18447C2054D6F6004A30A1 /* PlaceMarker.swift */,
				BBDF006E2054D5BB002EF5F1 /* RoadtripAPI.swift */,
				BBBC7976205775430085044F /* Trim.swift */,
				BB60C04820360E6800ADF586 /* Assets.xcassets */,
				BB60C04A20360E6800ADF586 /* LaunchScreen.storyboard */,
				BB60C04520360E6800ADF586 /* Main.storyboard */,
				BB3FD5D7208288D00040A826 /* roadtrip.xcdatamodeld */,
			);
			path = roadtrip;
			sourceTree = "<group>";
		};
		BB60C05520360E6800ADF586 /* roadtripTests */ = {
			isa = PBXGroup;
			children = (
				BB60C05620360E6800ADF586 /* roadtripTests.swift */,
				BB60C05820360E6800ADF586 /* Info.plist */,
			);
			path = roadtripTests;
			sourceTree = "<group>";
		};
		BB60C06020360E6800ADF586 /* roadtripUITests */ = {
			isa = PBXGroup;
			children = (
				BB60C06120360E6800ADF586 /* roadtripUITests.swift */,
				BB60C06320360E6800ADF586 /* Info.plist */,
			);
			path = roadtripUITests;
			sourceTree = "<group>";
		};
		DEDCF88387B8EEFADADDD7BD /* Frameworks */ = {
			isa = PBXGroup;
			children = (
				BB6AD780205A21E500C713B6 /* PromiseKit.framework */,
				FCAB4724364AABA8D1633D15 /* Pods_roadtrip.framework */,
			);
			name = Frameworks;
			sourceTree = "<group>";
		};
/* End PBXGroup section */

/* Begin PBXNativeTarget section */
		BB60C03D20360E6800ADF586 /* roadtrip */ = {
			isa = PBXNativeTarget;
			buildConfigurationList = BB60C06620360E6800ADF586 /* Build configuration list for PBXNativeTarget "roadtrip" */;
			buildPhases = (
				AD840B6B205D94BFF87FB1F5 /* [CP] Check Pods Manifest.lock */,
				BB60C03A20360E6800ADF586 /* Sources */,
				BB60C03B20360E6800ADF586 /* Frameworks */,
				BB60C03C20360E6800ADF586 /* Resources */,
				6B21B51B2DC99CF6166896E2 /* [CP] Copy Pods Resources */,
			);
			buildRules = (
			);
			dependencies = (
			);
			name = roadtrip;
			productName = roadtrip;
			productReference = BB60C03E20360E6800ADF586 /* roadtrip.app */;
			productType = "com.apple.product-type.application";
		};
		BB60C05120360E6800ADF586 /* roadtripTests */ = {
			isa = PBXNativeTarget;
			buildConfigurationList = BB60C06920360E6800ADF586 /* Build configuration list for PBXNativeTarget "roadtripTests" */;
			buildPhases = (
				BB60C04E20360E6800ADF586 /* Sources */,
				BB60C04F20360E6800ADF586 /* Frameworks */,
				BB60C05020360E6800ADF586 /* Resources */,
			);
			buildRules = (
			);
			dependencies = (
				BB60C05420360E6800ADF586 /* PBXTargetDependency */,
			);
			name = roadtripTests;
			productName = roadtripTests;
			productReference = BB60C05220360E6800ADF586 /* roadtripTests.xctest */;
			productType = "com.apple.product-type.bundle.unit-test";
		};
		BB60C05C20360E6800ADF586 /* roadtripUITests */ = {
			isa = PBXNativeTarget;
			buildConfigurationList = BB60C06C20360E6800ADF586 /* Build configuration list for PBXNativeTarget "roadtripUITests" */;
			buildPhases = (
				BB60C05920360E6800ADF586 /* Sources */,
				BB60C05A20360E6800ADF586 /* Frameworks */,
				BB60C05B20360E6800ADF586 /* Resources */,
			);
			buildRules = (
			);
			dependencies = (
				BB60C05F20360E6800ADF586 /* PBXTargetDependency */,
			);
			name = roadtripUITests;
			productName = roadtripUITests;
			productReference = BB60C05D20360E6800ADF586 /* roadtripUITests.xctest */;
			productType = "com.apple.product-type.bundle.ui-testing";
		};
/* End PBXNativeTarget section */

/* Begin PBXProject section */
		BB60C03620360E6800ADF586 /* Project object */ = {
			isa = PBXProject;
			attributes = {
				LastSwiftUpdateCheck = 0920;
				LastUpgradeCheck = 0920;
				ORGANIZATIONNAME = edu.ilstu.stokudasabhat;
				TargetAttributes = {
					BB60C03D20360E6800ADF586 = {
						CreatedOnToolsVersion = 9.2;
						ProvisioningStyle = Automatic;
					};
					BB60C05120360E6800ADF586 = {
						CreatedOnToolsVersion = 9.2;
						ProvisioningStyle = Automatic;
						TestTargetID = BB60C03D20360E6800ADF586;
					};
					BB60C05C20360E6800ADF586 = {
						CreatedOnToolsVersion = 9.2;
						ProvisioningStyle = Automatic;
						TestTargetID = BB60C03D20360E6800ADF586;
					};
				};
			};
			buildConfigurationList = BB60C03920360E6800ADF586 /* Build configuration list for PBXProject "roadtrip" */;
			compatibilityVersion = "Xcode 8.0";
			developmentRegion = en;
			hasScannedForEncodings = 0;
			knownRegions = (
				en,
				Base,
			);
			mainGroup = BB60C03520360E6700ADF586;
			productRefGroup = BB60C03F20360E6800ADF586 /* Products */;
			projectDirPath = "";
			projectRoot = "";
			targets = (
				BB60C03D20360E6800ADF586 /* roadtrip */,
				BB60C05120360E6800ADF586 /* roadtripTests */,
				BB60C05C20360E6800ADF586 /* roadtripUITests */,
			);
		};
/* End PBXProject section */

/* Begin PBXResourcesBuildPhase section */
		BB60C03C20360E6800ADF586 /* Resources */ = {
			isa = PBXResourcesBuildPhase;
			buildActionMask = 2147483647;
			files = (
				BB60C04C20360E6800ADF586 /* LaunchScreen.storyboard in Resources */,
				BB60C04920360E6800ADF586 /* Assets.xcassets in Resources */,
				BB628823204CB6A400D0F060 /* Podfile in Resources */,
				BB60C04720360E6800ADF586 /* Main.storyboard in Resources */,
			);
			runOnlyForDeploymentPostprocessing = 0;
		};
		BB60C05020360E6800ADF586 /* Resources */ = {
			isa = PBXResourcesBuildPhase;
			buildActionMask = 2147483647;
			files = (
			);
			runOnlyForDeploymentPostprocessing = 0;
		};
		BB60C05B20360E6800ADF586 /* Resources */ = {
			isa = PBXResourcesBuildPhase;
			buildActionMask = 2147483647;
			files = (
			);
			runOnlyForDeploymentPostprocessing = 0;
		};
/* End PBXResourcesBuildPhase section */

/* Begin PBXShellScriptBuildPhase section */
		6B21B51B2DC99CF6166896E2 /* [CP] Copy Pods Resources */ = {
			isa = PBXShellScriptBuildPhase;
			buildActionMask = 2147483647;
			files = (
			);
			inputPaths = (
				"${SRCROOT}/Pods/Target Support Files/Pods-roadtrip/Pods-roadtrip-resources.sh",
				"${PODS_ROOT}/GoogleMaps/Maps/Frameworks/GoogleMaps.framework/Resources/GoogleMaps.bundle",
				"${PODS_ROOT}/GooglePlaces/Frameworks/GooglePlaces.framework/Resources/GooglePlaces.bundle",
			);
			name = "[CP] Copy Pods Resources";
			outputPaths = (
				"${TARGET_BUILD_DIR}/${UNLOCALIZED_RESOURCES_FOLDER_PATH}/GoogleMaps.bundle",
				"${TARGET_BUILD_DIR}/${UNLOCALIZED_RESOURCES_FOLDER_PATH}/GooglePlaces.bundle",
			);
			runOnlyForDeploymentPostprocessing = 0;
			shellPath = /bin/sh;
			shellScript = "\"${SRCROOT}/Pods/Target Support Files/Pods-roadtrip/Pods-roadtrip-resources.sh\"\n";
			showEnvVarsInLog = 0;
		};
		AD840B6B205D94BFF87FB1F5 /* [CP] Check Pods Manifest.lock */ = {
			isa = PBXShellScriptBuildPhase;
			buildActionMask = 2147483647;
			files = (
			);
			inputPaths = (
				"${PODS_PODFILE_DIR_PATH}/Podfile.lock",
				"${PODS_ROOT}/Manifest.lock",
			);
			name = "[CP] Check Pods Manifest.lock";
			outputPaths = (
				"$(DERIVED_FILE_DIR)/Pods-roadtrip-checkManifestLockResult.txt",
			);
			runOnlyForDeploymentPostprocessing = 0;
			shellPath = /bin/sh;
			shellScript = "diff \"${PODS_PODFILE_DIR_PATH}/Podfile.lock\" \"${PODS_ROOT}/Manifest.lock\" > /dev/null\nif [ $? != 0 ] ; then\n    # print error to STDERR\n    echo \"error: The sandbox is not in sync with the Podfile.lock. Run 'pod install' or update your CocoaPods installation.\" >&2\n    exit 1\nfi\n# This output is used by Xcode 'outputs' to avoid re-running this script phase.\necho \"SUCCESS\" > \"${SCRIPT_OUTPUT_FILE_0}\"\n";
			showEnvVarsInLog = 0;
		};
/* End PBXShellScriptBuildPhase section */

/* Begin PBXSourcesBuildPhase section */
		BB60C03A20360E6800ADF586 /* Sources */ = {
			isa = PBXSourcesBuildPhase;
			buildActionMask = 2147483647;
			files = (
				BB017C6F205B343000FD9DC6 /* CarInfoConfirmationViewController.swift in Sources */,
				BB3FD5D62082886D0040A826 /* CoreDataHandler.swift in Sources */,
				BBBC7975205770AC0085044F /* Model.swift in Sources */,
				BBF3F018207AB3800051BE39 /* GasStations.swift in Sources */,
				BBBC7977205775430085044F /* Trim.swift in Sources */,
				BB41127C20675C7E007098E0 /* FuelRemainingViewController.swift in Sources */,
				BBF3F01A207AB47E0051BE39 /* GasPricesDataStore.swift in Sources */,
				BBF39D032055D2A1002F53A5 /* CarQueryDataStore.swift in Sources */,
				BB6F94FB205BA8AB00465C9A /* GoogleClient.swift in Sources */,
				BB60C04420360E6800ADF586 /* MapViewController.swift in Sources */,
				BBF2A6BF20587CFC00FD2871 /* CarInfoSettingViewController.swift in Sources */,
				BB3FD5D9208288D00040A826 /* roadtrip.xcdatamodeld in Sources */,
				BB2C7498205F378A0012B1B0 /* Direction.swift in Sources */,
				BB60C04220360E6800ADF586 /* AppDelegate.swift in Sources */,
				5F96B4602065B4F200707E3E /* FilterViewController.swift in Sources */,
				BBBC79732057695C0085044F /* Make.swift in Sources */,
				BBDF006F2054D5BB002EF5F1 /* RoadtripAPI.swift in Sources */,
				BB787694204CBA460013A2F4 /* Car.swift in Sources */,
				BBB39538207864230040BDF7 /* Distance.swift in Sources */,
				5F18447D2054D6F6004A30A1 /* PlaceMarker.swift in Sources */,
				5F1844872055ABC4004A30A1 /* GooglePlacesResponse.swift in Sources */,
			);
			runOnlyForDeploymentPostprocessing = 0;
		};
		BB60C04E20360E6800ADF586 /* Sources */ = {
			isa = PBXSourcesBuildPhase;
			buildActionMask = 2147483647;
			files = (
				BB60C05720360E6800ADF586 /* roadtripTests.swift in Sources */,
			);
			runOnlyForDeploymentPostprocessing = 0;
		};
		BB60C05920360E6800ADF586 /* Sources */ = {
			isa = PBXSourcesBuildPhase;
			buildActionMask = 2147483647;
			files = (
				BB60C06220360E6800ADF586 /* roadtripUITests.swift in Sources */,
			);
			runOnlyForDeploymentPostprocessing = 0;
		};
/* End PBXSourcesBuildPhase section */

/* Begin PBXTargetDependency section */
		BB60C05420360E6800ADF586 /* PBXTargetDependency */ = {
			isa = PBXTargetDependency;
			target = BB60C03D20360E6800ADF586 /* roadtrip */;
			targetProxy = BB60C05320360E6800ADF586 /* PBXContainerItemProxy */;
		};
		BB60C05F20360E6800ADF586 /* PBXTargetDependency */ = {
			isa = PBXTargetDependency;
			target = BB60C03D20360E6800ADF586 /* roadtrip */;
			targetProxy = BB60C05E20360E6800ADF586 /* PBXContainerItemProxy */;
		};
/* End PBXTargetDependency section */

/* Begin PBXVariantGroup section */
		BB60C04520360E6800ADF586 /* Main.storyboard */ = {
			isa = PBXVariantGroup;
			children = (
				BB60C04620360E6800ADF586 /* Base */,
			);
			name = Main.storyboard;
			sourceTree = "<group>";
		};
		BB60C04A20360E6800ADF586 /* LaunchScreen.storyboard */ = {
			isa = PBXVariantGroup;
			children = (
				BB60C04B20360E6800ADF586 /* Base */,
			);
			name = LaunchScreen.storyboard;
			sourceTree = "<group>";
		};
/* End PBXVariantGroup section */

/* Begin XCBuildConfiguration section */
		BB60C06420360E6800ADF586 /* Debug */ = {
			isa = XCBuildConfiguration;
			buildSettings = {
				ALWAYS_SEARCH_USER_PATHS = NO;
				CLANG_ANALYZER_NONNULL = YES;
				CLANG_ANALYZER_NUMBER_OBJECT_CONVERSION = YES_AGGRESSIVE;
				CLANG_CXX_LANGUAGE_STANDARD = "gnu++14";
				CLANG_CXX_LIBRARY = "libc++";
				CLANG_ENABLE_MODULES = YES;
				CLANG_ENABLE_OBJC_ARC = YES;
				CLANG_WARN_BLOCK_CAPTURE_AUTORELEASING = YES;
				CLANG_WARN_BOOL_CONVERSION = YES;
				CLANG_WARN_COMMA = YES;
				CLANG_WARN_CONSTANT_CONVERSION = YES;
				CLANG_WARN_DIRECT_OBJC_ISA_USAGE = YES_ERROR;
				CLANG_WARN_DOCUMENTATION_COMMENTS = YES;
				CLANG_WARN_EMPTY_BODY = YES;
				CLANG_WARN_ENUM_CONVERSION = YES;
				CLANG_WARN_INFINITE_RECURSION = YES;
				CLANG_WARN_INT_CONVERSION = YES;
				CLANG_WARN_NON_LITERAL_NULL_CONVERSION = YES;
				CLANG_WARN_OBJC_LITERAL_CONVERSION = YES;
				CLANG_WARN_OBJC_ROOT_CLASS = YES_ERROR;
				CLANG_WARN_RANGE_LOOP_ANALYSIS = YES;
				CLANG_WARN_STRICT_PROTOTYPES = YES;
				CLANG_WARN_SUSPICIOUS_MOVE = YES;
				CLANG_WARN_UNGUARDED_AVAILABILITY = YES_AGGRESSIVE;
				CLANG_WARN_UNREACHABLE_CODE = YES;
				CLANG_WARN__DUPLICATE_METHOD_MATCH = YES;
				CODE_SIGN_IDENTITY = "iPhone Developer";
				COPY_PHASE_STRIP = NO;
				DEBUG_INFORMATION_FORMAT = dwarf;
				ENABLE_STRICT_OBJC_MSGSEND = YES;
				ENABLE_TESTABILITY = YES;
				GCC_C_LANGUAGE_STANDARD = gnu11;
				GCC_DYNAMIC_NO_PIC = NO;
				GCC_NO_COMMON_BLOCKS = YES;
				GCC_OPTIMIZATION_LEVEL = 0;
				GCC_PREPROCESSOR_DEFINITIONS = (
					"DEBUG=1",
					"$(inherited)",
				);
				GCC_WARN_64_TO_32_BIT_CONVERSION = YES;
				GCC_WARN_ABOUT_RETURN_TYPE = YES_ERROR;
				GCC_WARN_UNDECLARED_SELECTOR = YES;
				GCC_WARN_UNINITIALIZED_AUTOS = YES_AGGRESSIVE;
				GCC_WARN_UNUSED_FUNCTION = YES;
				GCC_WARN_UNUSED_VARIABLE = YES;
				IPHONEOS_DEPLOYMENT_TARGET = 11.2;
				MTL_ENABLE_DEBUG_INFO = YES;
				ONLY_ACTIVE_ARCH = YES;
				SDKROOT = iphoneos;
				SWIFT_ACTIVE_COMPILATION_CONDITIONS = DEBUG;
				SWIFT_OPTIMIZATION_LEVEL = "-Onone";
			};
			name = Debug;
		};
		BB60C06520360E6800ADF586 /* Release */ = {
			isa = XCBuildConfiguration;
			buildSettings = {
				ALWAYS_SEARCH_USER_PATHS = NO;
				CLANG_ANALYZER_NONNULL = YES;
				CLANG_ANALYZER_NUMBER_OBJECT_CONVERSION = YES_AGGRESSIVE;
				CLANG_CXX_LANGUAGE_STANDARD = "gnu++14";
				CLANG_CXX_LIBRARY = "libc++";
				CLANG_ENABLE_MODULES = YES;
				CLANG_ENABLE_OBJC_ARC = YES;
				CLANG_WARN_BLOCK_CAPTURE_AUTORELEASING = YES;
				CLANG_WARN_BOOL_CONVERSION = YES;
				CLANG_WARN_COMMA = YES;
				CLANG_WARN_CONSTANT_CONVERSION = YES;
				CLANG_WARN_DIRECT_OBJC_ISA_USAGE = YES_ERROR;
				CLANG_WARN_DOCUMENTATION_COMMENTS = YES;
				CLANG_WARN_EMPTY_BODY = YES;
				CLANG_WARN_ENUM_CONVERSION = YES;
				CLANG_WARN_INFINITE_RECURSION = YES;
				CLANG_WARN_INT_CONVERSION = YES;
				CLANG_WARN_NON_LITERAL_NULL_CONVERSION = YES;
				CLANG_WARN_OBJC_LITERAL_CONVERSION = YES;
				CLANG_WARN_OBJC_ROOT_CLASS = YES_ERROR;
				CLANG_WARN_RANGE_LOOP_ANALYSIS = YES;
				CLANG_WARN_STRICT_PROTOTYPES = YES;
				CLANG_WARN_SUSPICIOUS_MOVE = YES;
				CLANG_WARN_UNGUARDED_AVAILABILITY = YES_AGGRESSIVE;
				CLANG_WARN_UNREACHABLE_CODE = YES;
				CLANG_WARN__DUPLICATE_METHOD_MATCH = YES;
				CODE_SIGN_IDENTITY = "iPhone Developer";
				COPY_PHASE_STRIP = NO;
				DEBUG_INFORMATION_FORMAT = "dwarf-with-dsym";
				ENABLE_NS_ASSERTIONS = NO;
				ENABLE_STRICT_OBJC_MSGSEND = YES;
				GCC_C_LANGUAGE_STANDARD = gnu11;
				GCC_NO_COMMON_BLOCKS = YES;
				GCC_WARN_64_TO_32_BIT_CONVERSION = YES;
				GCC_WARN_ABOUT_RETURN_TYPE = YES_ERROR;
				GCC_WARN_UNDECLARED_SELECTOR = YES;
				GCC_WARN_UNINITIALIZED_AUTOS = YES_AGGRESSIVE;
				GCC_WARN_UNUSED_FUNCTION = YES;
				GCC_WARN_UNUSED_VARIABLE = YES;
				IPHONEOS_DEPLOYMENT_TARGET = 11.2;
				MTL_ENABLE_DEBUG_INFO = NO;
				SDKROOT = iphoneos;
				SWIFT_OPTIMIZATION_LEVEL = "-Owholemodule";
				VALIDATE_PRODUCT = YES;
			};
			name = Release;
		};
		BB60C06720360E6800ADF586 /* Debug */ = {
			isa = XCBuildConfiguration;
			baseConfigurationReference = A33153FF928D660E0DCAA99D /* Pods-roadtrip.debug.xcconfig */;
			buildSettings = {
				ALWAYS_EMBED_SWIFT_STANDARD_LIBRARIES = YES;
				ASSETCATALOG_COMPILER_APPICON_NAME = AppIcon;
				CODE_SIGN_STYLE = Automatic;
				DEVELOPMENT_TEAM = FVEGF5DQ7U;
				INFOPLIST_FILE = roadtrip/Info.plist;
				LD_RUNPATH_SEARCH_PATHS = "$(inherited) @executable_path/Frameworks";
				PRODUCT_BUNDLE_IDENTIFIER = edu.ilstu.stokudasabhat.roadtrip;
				PRODUCT_NAME = "$(TARGET_NAME)";
				SWIFT_VERSION = 4.0;
				TARGETED_DEVICE_FAMILY = "1,2";
			};
			name = Debug;
		};
		BB60C06820360E6800ADF586 /* Release */ = {
			isa = XCBuildConfiguration;
			baseConfigurationReference = 68B46FE21B9B8F67943E6DFA /* Pods-roadtrip.release.xcconfig */;
			buildSettings = {
				ALWAYS_EMBED_SWIFT_STANDARD_LIBRARIES = YES;
				ASSETCATALOG_COMPILER_APPICON_NAME = AppIcon;
				CODE_SIGN_STYLE = Automatic;
				DEVELOPMENT_TEAM = FVEGF5DQ7U;
				INFOPLIST_FILE = roadtrip/Info.plist;
				LD_RUNPATH_SEARCH_PATHS = "$(inherited) @executable_path/Frameworks";
				PRODUCT_BUNDLE_IDENTIFIER = edu.ilstu.stokudasabhat.roadtrip;
				PRODUCT_NAME = "$(TARGET_NAME)";
				SWIFT_VERSION = 4.0;
				TARGETED_DEVICE_FAMILY = "1,2";
			};
			name = Release;
		};
		BB60C06A20360E6800ADF586 /* Debug */ = {
			isa = XCBuildConfiguration;
			buildSettings = {
				ALWAYS_EMBED_SWIFT_STANDARD_LIBRARIES = YES;
				BUNDLE_LOADER = "$(TEST_HOST)";
				CODE_SIGN_STYLE = Automatic;
				DEVELOPMENT_TEAM = FVEGF5DQ7U;
				INFOPLIST_FILE = roadtripTests/Info.plist;
				LD_RUNPATH_SEARCH_PATHS = "$(inherited) @executable_path/Frameworks @loader_path/Frameworks";
				PRODUCT_BUNDLE_IDENTIFIER = edu.ilstu.stokudasabhat.roadtripTests;
				PRODUCT_NAME = "$(TARGET_NAME)";
				SWIFT_VERSION = 4.0;
				TARGETED_DEVICE_FAMILY = "1,2";
				TEST_HOST = "$(BUILT_PRODUCTS_DIR)/roadtrip.app/roadtrip";
			};
			name = Debug;
		};
		BB60C06B20360E6800ADF586 /* Release */ = {
			isa = XCBuildConfiguration;
			buildSettings = {
				ALWAYS_EMBED_SWIFT_STANDARD_LIBRARIES = YES;
				BUNDLE_LOADER = "$(TEST_HOST)";
				CODE_SIGN_STYLE = Automatic;
				DEVELOPMENT_TEAM = FVEGF5DQ7U;
				INFOPLIST_FILE = roadtripTests/Info.plist;
				LD_RUNPATH_SEARCH_PATHS = "$(inherited) @executable_path/Frameworks @loader_path/Frameworks";
				PRODUCT_BUNDLE_IDENTIFIER = edu.ilstu.stokudasabhat.roadtripTests;
				PRODUCT_NAME = "$(TARGET_NAME)";
				SWIFT_VERSION = 4.0;
				TARGETED_DEVICE_FAMILY = "1,2";
				TEST_HOST = "$(BUILT_PRODUCTS_DIR)/roadtrip.app/roadtrip";
			};
			name = Release;
		};
		BB60C06D20360E6800ADF586 /* Debug */ = {
			isa = XCBuildConfiguration;
			buildSettings = {
				ALWAYS_EMBED_SWIFT_STANDARD_LIBRARIES = YES;
				CODE_SIGN_STYLE = Automatic;
				DEVELOPMENT_TEAM = FVEGF5DQ7U;
				INFOPLIST_FILE = roadtripUITests/Info.plist;
				LD_RUNPATH_SEARCH_PATHS = "$(inherited) @executable_path/Frameworks @loader_path/Frameworks";
				PRODUCT_BUNDLE_IDENTIFIER = edu.ilstu.stokudasabhat.roadtripUITests;
				PRODUCT_NAME = "$(TARGET_NAME)";
				SWIFT_VERSION = 4.0;
				TARGETED_DEVICE_FAMILY = "1,2";
				TEST_TARGET_NAME = roadtrip;
			};
			name = Debug;
		};
		BB60C06E20360E6800ADF586 /* Release */ = {
			isa = XCBuildConfiguration;
			buildSettings = {
				ALWAYS_EMBED_SWIFT_STANDARD_LIBRARIES = YES;
				CODE_SIGN_STYLE = Automatic;
				DEVELOPMENT_TEAM = FVEGF5DQ7U;
				INFOPLIST_FILE = roadtripUITests/Info.plist;
				LD_RUNPATH_SEARCH_PATHS = "$(inherited) @executable_path/Frameworks @loader_path/Frameworks";
				PRODUCT_BUNDLE_IDENTIFIER = edu.ilstu.stokudasabhat.roadtripUITests;
				PRODUCT_NAME = "$(TARGET_NAME)";
				SWIFT_VERSION = 4.0;
				TARGETED_DEVICE_FAMILY = "1,2";
				TEST_TARGET_NAME = roadtrip;
			};
			name = Release;
		};
/* End XCBuildConfiguration section */

/* Begin XCConfigurationList section */
		BB60C03920360E6800ADF586 /* Build configuration list for PBXProject "roadtrip" */ = {
			isa = XCConfigurationList;
			buildConfigurations = (
				BB60C06420360E6800ADF586 /* Debug */,
				BB60C06520360E6800ADF586 /* Release */,
			);
			defaultConfigurationIsVisible = 0;
			defaultConfigurationName = Release;
		};
		BB60C06620360E6800ADF586 /* Build configuration list for PBXNativeTarget "roadtrip" */ = {
			isa = XCConfigurationList;
			buildConfigurations = (
				BB60C06720360E6800ADF586 /* Debug */,
				BB60C06820360E6800ADF586 /* Release */,
			);
			defaultConfigurationIsVisible = 0;
			defaultConfigurationName = Release;
		};
		BB60C06920360E6800ADF586 /* Build configuration list for PBXNativeTarget "roadtripTests" */ = {
			isa = XCConfigurationList;
			buildConfigurations = (
				BB60C06A20360E6800ADF586 /* Debug */,
				BB60C06B20360E6800ADF586 /* Release */,
			);
			defaultConfigurationIsVisible = 0;
			defaultConfigurationName = Release;
		};
		BB60C06C20360E6800ADF586 /* Build configuration list for PBXNativeTarget "roadtripUITests" */ = {
			isa = XCConfigurationList;
			buildConfigurations = (
				BB60C06D20360E6800ADF586 /* Debug */,
				BB60C06E20360E6800ADF586 /* Release */,
			);
			defaultConfigurationIsVisible = 0;
			defaultConfigurationName = Release;
		};
/* End XCConfigurationList section */

/* Begin XCVersionGroup section */
		BB3FD5D7208288D00040A826 /* roadtrip.xcdatamodeld */ = {
			isa = XCVersionGroup;
			children = (
				BB3FD5D8208288D00040A826 /* roadtrip.xcdatamodel */,
			);
			currentVersion = BB3FD5D8208288D00040A826 /* roadtrip.xcdatamodel */;
			path = roadtrip.xcdatamodeld;
			sourceTree = "<group>";
			versionGroupType = wrapper.xcdatamodel;
		};
/* End XCVersionGroup section */
	};
	rootObject = BB60C03620360E6800ADF586 /* Project object */;
}
